// !$*UTF8*$!
{
	archiveVersion = 1;
	classes = {
	};
	objectVersion = 50;
	objects = {

/* Begin PBXBuildFile section */
		01071CAC2140FBDB00FA51C9 /* AppDelegate.m in Sources */ = {isa = PBXBuildFile; fileRef = 01071CAB2140FBDB00FA51C9 /* AppDelegate.m */; };
		01071CB22140FBDB00FA51C9 /* Main.storyboard in Resources */ = {isa = PBXBuildFile; fileRef = 01071CB02140FBDB00FA51C9 /* Main.storyboard */; };
		01071CB42140FBDC00FA51C9 /* Assets.xcassets in Resources */ = {isa = PBXBuildFile; fileRef = 01071CB32140FBDC00FA51C9 /* Assets.xcassets */; };
		01071CB72140FBDC00FA51C9 /* LaunchScreen.storyboard in Resources */ = {isa = PBXBuildFile; fileRef = 01071CB52140FBDC00FA51C9 /* LaunchScreen.storyboard */; };
		01071CBA2140FBDC00FA51C9 /* main.m in Sources */ = {isa = PBXBuildFile; fileRef = 01071CB92140FBDC00FA51C9 /* main.m */; };
		01071CC42140FBDC00FA51C9 /* AnimationAPITests.m in Sources */ = {isa = PBXBuildFile; fileRef = 01071CC32140FBDC00FA51C9 /* AnimationAPITests.m */; };
		01071CCF2140FBDC00FA51C9 /* AnimationAPIUITests.m in Sources */ = {isa = PBXBuildFile; fileRef = 01071CCE2140FBDC00FA51C9 /* AnimationAPIUITests.m */; };
		01071CDE2140FC5000FA51C9 /* TableViewController.m in Sources */ = {isa = PBXBuildFile; fileRef = 01071CDD2140FC5000FA51C9 /* TableViewController.m */; };
		012FA279216DEDDA001156D1 /* FQCustomAlert.m in Sources */ = {isa = PBXBuildFile; fileRef = 012FA278216DEDDA001156D1 /* FQCustomAlert.m */; };
		01AD10B92174607B00A8F788 /* FQCustomModel.m in Sources */ = {isa = PBXBuildFile; fileRef = 01AD10B82174607B00A8F788 /* FQCustomModel.m */; };
		45774F6523D4284A00EDC685 /* AnimationTestVC.m in Sources */ = {isa = PBXBuildFile; fileRef = 45774F6323D4284A00EDC685 /* AnimationTestVC.m */; };
		45774F6623D4284A00EDC685 /* AnimationTestVC.xib in Resources */ = {isa = PBXBuildFile; fileRef = 45774F6423D4284A00EDC685 /* AnimationTestVC.xib */; };
/* End PBXBuildFile section */

/* Begin PBXContainerItemProxy section */
		01071CC02140FBDC00FA51C9 /* PBXContainerItemProxy */ = {
			isa = PBXContainerItemProxy;
			containerPortal = 01071C9F2140FBDA00FA51C9 /* Project object */;
			proxyType = 1;
			remoteGlobalIDString = 01071CA62140FBDA00FA51C9;
			remoteInfo = AnimationAPI;
		};
		01071CCB2140FBDC00FA51C9 /* PBXContainerItemProxy */ = {
			isa = PBXContainerItemProxy;
			containerPortal = 01071C9F2140FBDA00FA51C9 /* Project object */;
			proxyType = 1;
			remoteGlobalIDString = 01071CA62140FBDA00FA51C9;
			remoteInfo = AnimationAPI;
		};
/* End PBXContainerItemProxy section */

/* Begin PBXFileReference section */
		01071CA72140FBDA00FA51C9 /* AnimationAPI.app */ = {isa = PBXFileReference; explicitFileType = wrapper.application; includeInIndex = 0; path = AnimationAPI.app; sourceTree = BUILT_PRODUCTS_DIR; };
		01071CAA2140FBDA00FA51C9 /* AppDelegate.h */ = {isa = PBXFileReference; lastKnownFileType = sourcecode.c.h; path = AppDelegate.h; sourceTree = "<group>"; };
		01071CAB2140FBDB00FA51C9 /* AppDelegate.m */ = {isa = PBXFileReference; lastKnownFileType = sourcecode.c.objc; path = AppDelegate.m; sourceTree = "<group>"; };
		01071CB12140FBDB00FA51C9 /* Base */ = {isa = PBXFileReference; lastKnownFileType = file.storyboard; name = Base; path = Base.lproj/Main.storyboard; sourceTree = "<group>"; };
		01071CB32140FBDC00FA51C9 /* Assets.xcassets */ = {isa = PBXFileReference; lastKnownFileType = folder.assetcatalog; path = Assets.xcassets; sourceTree = "<group>"; };
		01071CB62140FBDC00FA51C9 /* Base */ = {isa = PBXFileReference; lastKnownFileType = file.storyboard; name = Base; path = Base.lproj/LaunchScreen.storyboard; sourceTree = "<group>"; };
		01071CB82140FBDC00FA51C9 /* Info.plist */ = {isa = PBXFileReference; lastKnownFileType = text.plist.xml; path = Info.plist; sourceTree = "<group>"; };
		01071CB92140FBDC00FA51C9 /* main.m */ = {isa = PBXFileReference; lastKnownFileType = sourcecode.c.objc; path = main.m; sourceTree = "<group>"; };
		01071CBF2140FBDC00FA51C9 /* AnimationAPITests.xctest */ = {isa = PBXFileReference; explicitFileType = wrapper.cfbundle; includeInIndex = 0; path = AnimationAPITests.xctest; sourceTree = BUILT_PRODUCTS_DIR; };
		01071CC32140FBDC00FA51C9 /* AnimationAPITests.m */ = {isa = PBXFileReference; lastKnownFileType = sourcecode.c.objc; path = AnimationAPITests.m; sourceTree = "<group>"; };
		01071CC52140FBDC00FA51C9 /* Info.plist */ = {isa = PBXFileReference; lastKnownFileType = text.plist.xml; path = Info.plist; sourceTree = "<group>"; };
		01071CCA2140FBDC00FA51C9 /* AnimationAPIUITests.xctest */ = {isa = PBXFileReference; explicitFileType = wrapper.cfbundle; includeInIndex = 0; path = AnimationAPIUITests.xctest; sourceTree = BUILT_PRODUCTS_DIR; };
		01071CCE2140FBDC00FA51C9 /* AnimationAPIUITests.m */ = {isa = PBXFileReference; lastKnownFileType = sourcecode.c.objc; path = AnimationAPIUITests.m; sourceTree = "<group>"; };
		01071CD02140FBDC00FA51C9 /* Info.plist */ = {isa = PBXFileReference; lastKnownFileType = text.plist.xml; path = Info.plist; sourceTree = "<group>"; };
		01071CDC2140FC5000FA51C9 /* TableViewController.h */ = {isa = PBXFileReference; lastKnownFileType = sourcecode.c.h; path = TableViewController.h; sourceTree = "<group>"; };
		01071CDD2140FC5000FA51C9 /* TableViewController.m */ = {isa = PBXFileReference; lastKnownFileType = sourcecode.c.objc; path = TableViewController.m; sourceTree = "<group>"; };
		012FA277216DEDDA001156D1 /* FQCustomAlert.h */ = {isa = PBXFileReference; lastKnownFileType = sourcecode.c.h; path = FQCustomAlert.h; sourceTree = "<group>"; };
		012FA278216DEDDA001156D1 /* FQCustomAlert.m */ = {isa = PBXFileReference; lastKnownFileType = sourcecode.c.objc; path = FQCustomAlert.m; sourceTree = "<group>"; };
		01AD10B72174607B00A8F788 /* FQCustomModel.h */ = {isa = PBXFileReference; lastKnownFileType = sourcecode.c.h; path = FQCustomModel.h; sourceTree = "<group>"; };
		01AD10B82174607B00A8F788 /* FQCustomModel.m */ = {isa = PBXFileReference; lastKnownFileType = sourcecode.c.objc; path = FQCustomModel.m; sourceTree = "<group>"; };
		45774F6223D4284A00EDC685 /* AnimationTestVC.h */ = {isa = PBXFileReference; lastKnownFileType = sourcecode.c.h; path = AnimationTestVC.h; sourceTree = "<group>"; };
		45774F6323D4284A00EDC685 /* AnimationTestVC.m */ = {isa = PBXFileReference; lastKnownFileType = sourcecode.c.objc; path = AnimationTestVC.m; sourceTree = "<group>"; };
		45774F6423D4284A00EDC685 /* AnimationTestVC.xib */ = {isa = PBXFileReference; lastKnownFileType = file.xib; path = AnimationTestVC.xib; sourceTree = "<group>"; };
/* End PBXFileReference section */

/* Begin PBXFrameworksBuildPhase section */
		01071CA42140FBDA00FA51C9 /* Frameworks */ = {
			isa = PBXFrameworksBuildPhase;
			buildActionMask = 2147483647;
			files = (
			);
			runOnlyForDeploymentPostprocessing = 0;
		};
		01071CBC2140FBDC00FA51C9 /* Frameworks */ = {
			isa = PBXFrameworksBuildPhase;
			buildActionMask = 2147483647;
			files = (
			);
			runOnlyForDeploymentPostprocessing = 0;
		};
		01071CC72140FBDC00FA51C9 /* Frameworks */ = {
			isa = PBXFrameworksBuildPhase;
			buildActionMask = 2147483647;
			files = (
			);
			runOnlyForDeploymentPostprocessing = 0;
		};
/* End PBXFrameworksBuildPhase section */

/* Begin PBXGroup section */
		01071C9E2140FBDA00FA51C9 = {
			isa = PBXGroup;
			children = (
				01071CA92140FBDA00FA51C9 /* AnimationAPI */,
				01071CC22140FBDC00FA51C9 /* AnimationAPITests */,
				01071CCD2140FBDC00FA51C9 /* AnimationAPIUITests */,
				01071CA82140FBDA00FA51C9 /* Products */,
			);
			sourceTree = "<group>";
		};
		01071CA82140FBDA00FA51C9 /* Products */ = {
			isa = PBXGroup;
			children = (
				01071CA72140FBDA00FA51C9 /* AnimationAPI.app */,
				01071CBF2140FBDC00FA51C9 /* AnimationAPITests.xctest */,
				01071CCA2140FBDC00FA51C9 /* AnimationAPIUITests.xctest */,
			);
			name = Products;
			sourceTree = "<group>";
		};
		01071CA92140FBDA00FA51C9 /* AnimationAPI */ = {
			isa = PBXGroup;
			children = (
				012FA276216DED7B001156D1 /* FQCustomAlert */,
				01071CAA2140FBDA00FA51C9 /* AppDelegate.h */,
				01071CAB2140FBDB00FA51C9 /* AppDelegate.m */,
				01071CDC2140FC5000FA51C9 /* TableViewController.h */,
				01071CDD2140FC5000FA51C9 /* TableViewController.m */,
				45774F6223D4284A00EDC685 /* AnimationTestVC.h */,
				45774F6323D4284A00EDC685 /* AnimationTestVC.m */,
				45774F6423D4284A00EDC685 /* AnimationTestVC.xib */,
				01071CB02140FBDB00FA51C9 /* Main.storyboard */,
				01071CB32140FBDC00FA51C9 /* Assets.xcassets */,
				01071CB52140FBDC00FA51C9 /* LaunchScreen.storyboard */,
				01071CB82140FBDC00FA51C9 /* Info.plist */,
				01071CB92140FBDC00FA51C9 /* main.m */,
			);
			path = AnimationAPI;
			sourceTree = "<group>";
		};
		01071CC22140FBDC00FA51C9 /* AnimationAPITests */ = {
			isa = PBXGroup;
			children = (
				01071CC32140FBDC00FA51C9 /* AnimationAPITests.m */,
				01071CC52140FBDC00FA51C9 /* Info.plist */,
			);
			path = AnimationAPITests;
			sourceTree = "<group>";
		};
		01071CCD2140FBDC00FA51C9 /* AnimationAPIUITests */ = {
			isa = PBXGroup;
			children = (
				01071CCE2140FBDC00FA51C9 /* AnimationAPIUITests.m */,
				01071CD02140FBDC00FA51C9 /* Info.plist */,
			);
			path = AnimationAPIUITests;
			sourceTree = "<group>";
		};
		012FA276216DED7B001156D1 /* FQCustomAlert */ = {
			isa = PBXGroup;
			children = (
				012FA277216DEDDA001156D1 /* FQCustomAlert.h */,
				012FA278216DEDDA001156D1 /* FQCustomAlert.m */,
				01AD10B72174607B00A8F788 /* FQCustomModel.h */,
				01AD10B82174607B00A8F788 /* FQCustomModel.m */,
			);
			path = FQCustomAlert;
			sourceTree = "<group>";
		};
/* End PBXGroup section */

/* Begin PBXNativeTarget section */
		01071CA62140FBDA00FA51C9 /* AnimationAPI */ = {
			isa = PBXNativeTarget;
			buildConfigurationList = 01071CD32140FBDC00FA51C9 /* Build configuration list for PBXNativeTarget "AnimationAPI" */;
			buildPhases = (
				01071CA32140FBDA00FA51C9 /* Sources */,
				01071CA42140FBDA00FA51C9 /* Frameworks */,
				01071CA52140FBDA00FA51C9 /* Resources */,
			);
			buildRules = (
			);
			dependencies = (
			);
			name = AnimationAPI;
			productName = AnimationAPI;
			productReference = 01071CA72140FBDA00FA51C9 /* AnimationAPI.app */;
			productType = "com.apple.product-type.application";
		};
		01071CBE2140FBDC00FA51C9 /* AnimationAPITests */ = {
			isa = PBXNativeTarget;
			buildConfigurationList = 01071CD62140FBDC00FA51C9 /* Build configuration list for PBXNativeTarget "AnimationAPITests" */;
			buildPhases = (
				01071CBB2140FBDC00FA51C9 /* Sources */,
				01071CBC2140FBDC00FA51C9 /* Frameworks */,
				01071CBD2140FBDC00FA51C9 /* Resources */,
			);
			buildRules = (
			);
			dependencies = (
				01071CC12140FBDC00FA51C9 /* PBXTargetDependency */,
			);
			name = AnimationAPITests;
			productName = AnimationAPITests;
			productReference = 01071CBF2140FBDC00FA51C9 /* AnimationAPITests.xctest */;
			productType = "com.apple.product-type.bundle.unit-test";
		};
		01071CC92140FBDC00FA51C9 /* AnimationAPIUITests */ = {
			isa = PBXNativeTarget;
			buildConfigurationList = 01071CD92140FBDC00FA51C9 /* Build configuration list for PBXNativeTarget "AnimationAPIUITests" */;
			buildPhases = (
				01071CC62140FBDC00FA51C9 /* Sources */,
				01071CC72140FBDC00FA51C9 /* Frameworks */,
				01071CC82140FBDC00FA51C9 /* Resources */,
			);
			buildRules = (
			);
			dependencies = (
				01071CCC2140FBDC00FA51C9 /* PBXTargetDependency */,
			);
			name = AnimationAPIUITests;
			productName = AnimationAPIUITests;
			productReference = 01071CCA2140FBDC00FA51C9 /* AnimationAPIUITests.xctest */;
			productType = "com.apple.product-type.bundle.ui-testing";
		};
/* End PBXNativeTarget section */

/* Begin PBXProject section */
		01071C9F2140FBDA00FA51C9 /* Project object */ = {
			isa = PBXProject;
			attributes = {
				LastUpgradeCheck = 0940;
				ORGANIZATIONNAME = fengpan;
				TargetAttributes = {
					01071CA62140FBDA00FA51C9 = {
						CreatedOnToolsVersion = 9.4.1;
					};
					01071CBE2140FBDC00FA51C9 = {
						CreatedOnToolsVersion = 9.4.1;
						TestTargetID = 01071CA62140FBDA00FA51C9;
					};
					01071CC92140FBDC00FA51C9 = {
						CreatedOnToolsVersion = 9.4.1;
						TestTargetID = 01071CA62140FBDA00FA51C9;
					};
				};
			};
			buildConfigurationList = 01071CA22140FBDA00FA51C9 /* Build configuration list for PBXProject "AnimationAPI" */;
			compatibilityVersion = "Xcode 9.3";
			developmentRegion = en;
			hasScannedForEncodings = 0;
			knownRegions = (
				en,
				Base,
			);
			mainGroup = 01071C9E2140FBDA00FA51C9;
			productRefGroup = 01071CA82140FBDA00FA51C9 /* Products */;
			projectDirPath = "";
			projectRoot = "";
			targets = (
				01071CA62140FBDA00FA51C9 /* AnimationAPI */,
				01071CBE2140FBDC00FA51C9 /* AnimationAPITests */,
				01071CC92140FBDC00FA51C9 /* AnimationAPIUITests */,
			);
		};
/* End PBXProject section */

/* Begin PBXResourcesBuildPhase section */
		01071CA52140FBDA00FA51C9 /* Resources */ = {
			isa = PBXResourcesBuildPhase;
			buildActionMask = 2147483647;
			files = (
				01071CB72140FBDC00FA51C9 /* LaunchScreen.storyboard in Resources */,
				01071CB42140FBDC00FA51C9 /* Assets.xcassets in Resources */,
				45774F6623D4284A00EDC685 /* AnimationTestVC.xib in Resources */,
				01071CB22140FBDB00FA51C9 /* Main.storyboard in Resources */,
			);
			runOnlyForDeploymentPostprocessing = 0;
		};
		01071CBD2140FBDC00FA51C9 /* Resources */ = {
			isa = PBXResourcesBuildPhase;
			buildActionMask = 2147483647;
			files = (
			);
			runOnlyForDeploymentPostprocessing = 0;
		};
		01071CC82140FBDC00FA51C9 /* Resources */ = {
			isa = PBXResourcesBuildPhase;
			buildActionMask = 2147483647;
			files = (
			);
			runOnlyForDeploymentPostprocessing = 0;
		};
/* End PBXResourcesBuildPhase section */

/* Begin PBXSourcesBuildPhase section */
		01071CA32140FBDA00FA51C9 /* Sources */ = {
			isa = PBXSourcesBuildPhase;
			buildActionMask = 2147483647;
			files = (
				012FA279216DEDDA001156D1 /* FQCustomAlert.m in Sources */,
				01071CBA2140FBDC00FA51C9 /* main.m in Sources */,
				45774F6523D4284A00EDC685 /* AnimationTestVC.m in Sources */,
				01AD10B92174607B00A8F788 /* FQCustomModel.m in Sources */,
				01071CDE2140FC5000FA51C9 /* TableViewController.m in Sources */,
				01071CAC2140FBDB00FA51C9 /* AppDelegate.m in Sources */,
			);
			runOnlyForDeploymentPostprocessing = 0;
		};
		01071CBB2140FBDC00FA51C9 /* Sources */ = {
			isa = PBXSourcesBuildPhase;
			buildActionMask = 2147483647;
			files = (
				01071CC42140FBDC00FA51C9 /* AnimationAPITests.m in Sources */,
			);
			runOnlyForDeploymentPostprocessing = 0;
		};
		01071CC62140FBDC00FA51C9 /* Sources */ = {
			isa = PBXSourcesBuildPhase;
			buildActionMask = 2147483647;
			files = (
				01071CCF2140FBDC00FA51C9 /* AnimationAPIUITests.m in Sources */,
			);
			runOnlyForDeploymentPostprocessing = 0;
		};
/* End PBXSourcesBuildPhase section */

/* Begin PBXTargetDependency section */
		01071CC12140FBDC00FA51C9 /* PBXTargetDependency */ = {
			isa = PBXTargetDependency;
			target = 01071CA62140FBDA00FA51C9 /* AnimationAPI */;
			targetProxy = 01071CC02140FBDC00FA51C9 /* PBXContainerItemProxy */;
		};
		01071CCC2140FBDC00FA51C9 /* PBXTargetDependency */ = {
			isa = PBXTargetDependency;
			target = 01071CA62140FBDA00FA51C9 /* AnimationAPI */;
			targetProxy = 01071CCB2140FBDC00FA51C9 /* PBXContainerItemProxy */;
		};
/* End PBXTargetDependency section */

/* Begin PBXVariantGroup section */
		01071CB02140FBDB00FA51C9 /* Main.storyboard */ = {
			isa = PBXVariantGroup;
			children = (
				01071CB12140FBDB00FA51C9 /* Base */,
			);
			name = Main.storyboard;
			sourceTree = "<group>";
		};
		01071CB52140FBDC00FA51C9 /* LaunchScreen.storyboard */ = {
			isa = PBXVariantGroup;
			children = (
				01071CB62140FBDC00FA51C9 /* Base */,
			);
			name = LaunchScreen.storyboard;
			sourceTree = "<group>";
		};
/* End PBXVariantGroup section */

/* Begin XCBuildConfiguration section */
		01071CD12140FBDC00FA51C9 /* Debug */ = {
			isa = XCBuildConfiguration;
			buildSettings = {
				ALWAYS_SEARCH_USER_PATHS = NO;
				CLANG_ANALYZER_NONNULL = YES;
				CLANG_ANALYZER_NUMBER_OBJECT_CONVERSION = YES_AGGRESSIVE;
				CLANG_CXX_LANGUAGE_STANDARD = "gnu++14";
				CLANG_CXX_LIBRARY = "libc++";
				CLANG_ENABLE_MODULES = YES;
				CLANG_ENABLE_OBJC_ARC = YES;
				CLANG_ENABLE_OBJC_WEAK = YES;
				CLANG_WARN_BLOCK_CAPTURE_AUTORELEASING = YES;
				CLANG_WARN_BOOL_CONVERSION = YES;
				CLANG_WARN_COMMA = YES;
				CLANG_WARN_CONSTANT_CONVERSION = YES;
				CLANG_WARN_DEPRECATED_OBJC_IMPLEMENTATIONS = YES;
				CLANG_WARN_DIRECT_OBJC_ISA_USAGE = YES_ERROR;
				CLANG_WARN_DOCUMENTATION_COMMENTS = YES;
				CLANG_WARN_EMPTY_BODY = YES;
				CLANG_WARN_ENUM_CONVERSION = YES;
				CLANG_WARN_INFINITE_RECURSION = YES;
				CLANG_WARN_INT_CONVERSION = YES;
				CLANG_WARN_NON_LITERAL_NULL_CONVERSION = YES;
				CLANG_WARN_OBJC_IMPLICIT_RETAIN_SELF = YES;
				CLANG_WARN_OBJC_LITERAL_CONVERSION = YES;
				CLANG_WARN_OBJC_ROOT_CLASS = YES_ERROR;
				CLANG_WARN_RANGE_LOOP_ANALYSIS = YES;
				CLANG_WARN_STRICT_PROTOTYPES = YES;
				CLANG_WARN_SUSPICIOUS_MOVE = YES;
				CLANG_WARN_UNGUARDED_AVAILABILITY = YES_AGGRESSIVE;
				CLANG_WARN_UNREACHABLE_CODE = YES;
				CLANG_WARN__DUPLICATE_METHOD_MATCH = YES;
				CODE_SIGN_IDENTITY = "iPhone Developer";
				COPY_PHASE_STRIP = NO;
				DEBUG_INFORMATION_FORMAT = dwarf;
				ENABLE_STRICT_OBJC_MSGSEND = YES;
				ENABLE_TESTABILITY = YES;
				GCC_C_LANGUAGE_STANDARD = gnu11;
				GCC_DYNAMIC_NO_PIC = NO;
				GCC_NO_COMMON_BLOCKS = YES;
				GCC_OPTIMIZATION_LEVEL = 0;
				GCC_PREPROCESSOR_DEFINITIONS = (
					"DEBUG=1",
					"$(inherited)",
				);
				GCC_WARN_64_TO_32_BIT_CONVERSION = YES;
				GCC_WARN_ABOUT_RETURN_TYPE = YES_ERROR;
				GCC_WARN_UNDECLARED_SELECTOR = YES;
				GCC_WARN_UNINITIALIZED_AUTOS = YES_AGGRESSIVE;
				GCC_WARN_UNUSED_FUNCTION = YES;
				GCC_WARN_UNUSED_VARIABLE = YES;
				IPHONEOS_DEPLOYMENT_TARGET = 11.4;
				MTL_ENABLE_DEBUG_INFO = YES;
				ONLY_ACTIVE_ARCH = YES;
				SDKROOT = iphoneos;
			};
			name = Debug;
		};
		01071CD22140FBDC00FA51C9 /* Release */ = {
			isa = XCBuildConfiguration;
			buildSettings = {
				ALWAYS_SEARCH_USER_PATHS = NO;
				CLANG_ANALYZER_NONNULL = YES;
				CLANG_ANALYZER_NUMBER_OBJECT_CONVERSION = YES_AGGRESSIVE;
				CLANG_CXX_LANGUAGE_STANDARD = "gnu++14";
				CLANG_CXX_LIBRARY = "libc++";
				CLANG_ENABLE_MODULES = YES;
				CLANG_ENABLE_OBJC_ARC = YES;
				CLANG_ENABLE_OBJC_WEAK = YES;
				CLANG_WARN_BLOCK_CAPTURE_AUTORELEASING = YES;
				CLANG_WARN_BOOL_CONVERSION = YES;
				CLANG_WARN_COMMA = YES;
				CLANG_WARN_CONSTANT_CONVERSION = YES;
				CLANG_WARN_DEPRECATED_OBJC_IMPLEMENTATIONS = YES;
				CLANG_WARN_DIRECT_OBJC_ISA_USAGE = YES_ERROR;
				CLANG_WARN_DOCUMENTATION_COMMENTS = YES;
				CLANG_WARN_EMPTY_BODY = YES;
				CLANG_WARN_ENUM_CONVERSION = YES;
				CLANG_WARN_INFINITE_RECURSION = YES;
				CLANG_WARN_INT_CONVERSION = YES;
				CLANG_WARN_NON_LITERAL_NULL_CONVERSION = YES;
				CLANG_WARN_OBJC_IMPLICIT_RETAIN_SELF = YES;
				CLANG_WARN_OBJC_LITERAL_CONVERSION = YES;
				CLANG_WARN_OBJC_ROOT_CLASS = YES_ERROR;
				CLANG_WARN_RANGE_LOOP_ANALYSIS = YES;
				CLANG_WARN_STRICT_PROTOTYPES = YES;
				CLANG_WARN_SUSPICIOUS_MOVE = YES;
				CLANG_WARN_UNGUARDED_AVAILABILITY = YES_AGGRESSIVE;
				CLANG_WARN_UNREACHABLE_CODE = YES;
				CLANG_WARN__DUPLICATE_METHOD_MATCH = YES;
				CODE_SIGN_IDENTITY = "iPhone Developer";
				COPY_PHASE_STRIP = NO;
				DEBUG_INFORMATION_FORMAT = "dwarf-with-dsym";
				ENABLE_NS_ASSERTIONS = NO;
				ENABLE_STRICT_OBJC_MSGSEND = YES;
				GCC_C_LANGUAGE_STANDARD = gnu11;
				GCC_NO_COMMON_BLOCKS = YES;
				GCC_WARN_64_TO_32_BIT_CONVERSION = YES;
				GCC_WARN_ABOUT_RETURN_TYPE = YES_ERROR;
				GCC_WARN_UNDECLARED_SELECTOR = YES;
				GCC_WARN_UNINITIALIZED_AUTOS = YES_AGGRESSIVE;
				GCC_WARN_UNUSED_FUNCTION = YES;
				GCC_WARN_UNUSED_VARIABLE = YES;
				IPHONEOS_DEPLOYMENT_TARGET = 11.4;
				MTL_ENABLE_DEBUG_INFO = NO;
				SDKROOT = iphoneos;
				VALIDATE_PRODUCT = YES;
			};
			name = Release;
		};
		01071CD42140FBDC00FA51C9 /* Debug */ = {
			isa = XCBuildConfiguration;
			buildSettings = {
				ASSETCATALOG_COMPILER_APPICON_NAME = AppIcon;
				CODE_SIGN_STYLE = Automatic;
				DEVELOPMENT_TEAM = W2V2H39UC8;
				INFOPLIST_FILE = AnimationAPI/Info.plist;
				LD_RUNPATH_SEARCH_PATHS = (
					"$(inherited)",
					"@executable_path/Frameworks",
				);
				PRODUCT_BUNDLE_IDENTIFIER = dasdao.AnimationAPI;
				PRODUCT_NAME = "$(TARGET_NAME)";
				TARGETED_DEVICE_FAMILY = "1,2";
			};
			name = Debug;
		};
		01071CD52140FBDC00FA51C9 /* Release */ = {
			isa = XCBuildConfiguration;
			buildSettings = {
				ASSETCATALOG_COMPILER_APPICON_NAME = AppIcon;
				CODE_SIGN_STYLE = Automatic;
				DEVELOPMENT_TEAM = W2V2H39UC8;
				INFOPLIST_FILE = AnimationAPI/Info.plist;
				LD_RUNPATH_SEARCH_PATHS = (
					"$(inherited)",
					"@executable_path/Frameworks",
				);
				PRODUCT_BUNDLE_IDENTIFIER = dasdao.AnimationAPI;
				PRODUCT_NAME = "$(TARGET_NAME)";
				TARGETED_DEVICE_FAMILY = "1,2";
			};
			name = Release;
		};
		01071CD72140FBDC00FA51C9 /* Debug */ = {
			isa = XCBuildConfiguration;
			buildSettings = {
				BUNDLE_LOADER = "$(TEST_HOST)";
				CODE_SIGN_STYLE = Automatic;
				DEVELOPMENT_TEAM = W2V2H39UC8;
				INFOPLIST_FILE = AnimationAPITests/Info.plist;
				LD_RUNPATH_SEARCH_PATHS = (
					"$(inherited)",
					"@executable_path/Frameworks",
					"@loader_path/Frameworks",
				);
				PRODUCT_BUNDLE_IDENTIFIER = dasdao.AnimationAPITests;
				PRODUCT_NAME = "$(TARGET_NAME)";
				TARGETED_DEVICE_FAMILY = "1,2";
				TEST_HOST = "$(BUILT_PRODUCTS_DIR)/AnimationAPI.app/AnimationAPI";
			};
			name = Debug;
		};
		01071CD82140FBDC00FA51C9 /* Release */ = {
			isa = XCBuildConfiguration;
			buildSettings = {
				BUNDLE_LOADER = "$(TEST_HOST)";
				CODE_SIGN_STYLE = Automatic;
				DEVELOPMENT_TEAM = W2V2H39UC8;
				INFOPLIST_FILE = AnimationAPITests/Info.plist;
				LD_RUNPATH_SEARCH_PATHS = (
					"$(inherited)",
					"@executable_path/Frameworks",
					"@loader_path/Frameworks",
				);
				PRODUCT_BUNDLE_IDENTIFIER = dasdao.AnimationAPITests;
				PRODUCT_NAME = "$(TARGET_NAME)";
				TARGETED_DEVICE_FAMILY = "1,2";
				TEST_HOST = "$(BUILT_PRODUCTS_DIR)/AnimationAPI.app/AnimationAPI";
			};
			name = Release;
		};
		01071CDA2140FBDC00FA51C9 /* Debug */ = {
			isa = XCBuildConfiguration;
			buildSettings = {
				CODE_SIGN_STYLE = Automatic;
				DEVELOPMENT_TEAM = W2V2H39UC8;
				INFOPLIST_FILE = AnimationAPIUITests/Info.plist;
				LD_RUNPATH_SEARCH_PATHS = (
					"$(inherited)",
					"@executable_path/Frameworks",
					"@loader_path/Frameworks",
				);
				PRODUCT_BUNDLE_IDENTIFIER = dasdao.AnimationAPIUITests;
				PRODUCT_NAME = "$(TARGET_NAME)";
				TARGETED_DEVICE_FAMILY = "1,2";
				TEST_TARGET_NAME = AnimationAPI;
			};
			name = Debug;
		};
		01071CDB2140FBDC00FA51C9 /* Release */ = {
			isa = XCBuildConfiguration;
			buildSettings = {
				CODE_SIGN_STYLE = Automatic;
				DEVELOPMENT_TEAM = W2V2H39UC8;
				INFOPLIST_FILE = AnimationAPIUITests/Info.plist;
				LD_RUNPATH_SEARCH_PATHS = (
					"$(inherited)",
					"@executable_path/Frameworks",
					"@loader_path/Frameworks",
				);
				PRODUCT_BUNDLE_IDENTIFIER = dasdao.AnimationAPIUITests;
				PRODUCT_NAME = "$(TARGET_NAME)";
				TARGETED_DEVICE_FAMILY = "1,2";
				TEST_TARGET_NAME = AnimationAPI;
			};
			name = Release;
		};
/* End XCBuildConfiguration section */

/* Begin XCConfigurationList section */
		01071CA22140FBDA00FA51C9 /* Build configuration list for PBXProject "AnimationAPI" */ = {
			isa = XCConfigurationList;
			buildConfigurations = (
				01071CD12140FBDC00FA51C9 /* Debug */,
				01071CD22140FBDC00FA51C9 /* Release */,
			);
			defaultConfigurationIsVisible = 0;
			defaultConfigurationName = Release;
		};
		01071CD32140FBDC00FA51C9 /* Build configuration list for PBXNativeTarget "AnimationAPI" */ = {
			isa = XCConfigurationList;
			buildConfigurations = (
				01071CD42140FBDC00FA51C9 /* Debug */,
				01071CD52140FBDC00FA51C9 /* Release */,
			);
			defaultConfigurationIsVisible = 0;
			defaultConfigurationName = Release;
		};
		01071CD62140FBDC00FA51C9 /* Build configuration list for PBXNativeTarget "AnimationAPITests" */ = {
			isa = XCConfigurationList;
			buildConfigurations = (
				01071CD72140FBDC00FA51C9 /* Debug */,
				01071CD82140FBDC00FA51C9 /* Release */,
			);
			defaultConfigurationIsVisible = 0;
			defaultConfigurationName = Release;
		};
		01071CD92140FBDC00FA51C9 /* Build configuration list for PBXNativeTarget "AnimationAPIUITests" */ = {
			isa = XCConfigurationList;
			buildConfigurations = (
				01071CDA2140FBDC00FA51C9 /* Debug */,
				01071CDB2140FBDC00FA51C9 /* Release */,
			);
			defaultConfigurationIsVisible = 0;
			defaultConfigurationName = Release;
		};
/* End XCConfigurationList section */
	};
	rootObject = 01071C9F2140FBDA00FA51C9 /* Project object */;
}
